
Microsoft Visual Studio Solution File, Format Version 12.00
# Visual Studio Version 17
VisualStudioVersion = 17.10.35027.167
MinimumVisualStudioVersion = 10.0.40219.1
Project("{888888A0-9F3D-457C-B088-3A5042F75D52}") = "OpenAI_ChatGPT_simple", "OpenAI_ChatGPT_simple\OpenAI_ChatGPT_simple.pyproj", "{D737A358-5EFE-4408-8A44-3791E24F2157}"
EndProject
Global
	GlobalSection(SolutionConfigurationPlatforms) = preSolution
		Debug|Any CPU = Debug|Any CPU
		Release|Any CPU = Release|Any CPU
	EndGlobalSection
	GlobalSection(ProjectConfigurationPlatforms) = postSolution
		{D737A358-5EFE-4408-8A44-3791E24F2157}.Debug|Any CPU.ActiveCfg = Debug|Any CPU
		{D737A358-5EFE-4408-8A44-3791E24F2157}.Release|Any CPU.ActiveCfg = Release|Any CPU
	EndGlobalSection
	GlobalSection(SolutionProperties) = preSolution
		HideSolutionNode = FALSE
	EndGlobalSection
	GlobalSection(ExtensibilityGlobals) = postSolution
		SolutionGuid = {E79F1AC1-C602-4506-BE9A-B0337EA54EB6}
	EndGlobalSection
EndGlobal
